
Microsoft Visual Studio Solution File, Format Version 12.00
# Visual Studio Version 17
VisualStudioVersion = 17.4.33213.308
MinimumVisualStudioVersion = 10.0.40219.1
Project("{FAE04EC0-301F-11D3-BF4B-00C04F79EFBC}") = "CMS23MCA", "CMS23MCA\CMS23MCA.csproj", "{6C65258F-A26A-4805-9DF5-9B0CB237A05C}"
EndProject
Global
	GlobalSection(SolutionConfigurationPlatforms) = preSolution
		Debug|Any CPU = Debug|Any CPU
		Release|Any CPU = Release|Any CPU
	EndGlobalSection
	GlobalSection(ProjectConfigurationPlatforms) = postSolution
		{6C65258F-A26A-4805-9DF5-9B0CB237A05C}.Debug|Any CPU.ActiveCfg = Debug|Any CPU
		{6C65258F-A26A-4805-9DF5-9B0CB237A05C}.Debug|Any CPU.Build.0 = Debug|Any CPU
		{6C65258F-A26A-4805-9DF5-9B0CB237A05C}.Release|Any CPU.ActiveCfg = Release|Any CPU
		{6C65258F-A26A-4805-9DF5-9B0CB237A05C}.Release|Any CPU.Build.0 = Release|Any CPU
	EndGlobalSection
	GlobalSection(SolutionProperties) = preSolution
		HideSolutionNode = FALSE
	EndGlobalSection
	GlobalSection(ExtensibilityGlobals) = postSolution
		SolutionGuid = {840A9C60-D440-442C-9CC4-E6064CF1B855}
	EndGlobalSection
EndGlobal
